
Microsoft Visual Studio Solution File, Format Version 12.00
# Visual Studio 15
VisualStudioVersion = 15.0.27428.2015
MinimumVisualStudioVersion = 10.0.40219.1
Project("{FAE04EC0-301F-11D3-BF4B-00C04F79EFBC}") = "log4net-tracing-appender", "log4net-tracing-appender\log4net-tracing-appender.csproj", "{0A130476-D1AD-498A-9911-5FA295622415}"
EndProject
Global
	GlobalSection(SolutionConfigurationPlatforms) = preSolution
		Debug|Any CPU = Debug|Any CPU
		Release|Any CPU = Release|Any CPU
	EndGlobalSection
	GlobalSection(ProjectConfigurationPlatforms) = postSolution
		{0A130476-D1AD-498A-9911-5FA295622415}.Debug|Any CPU.ActiveCfg = Debug|Any CPU
		{0A130476-D1AD-498A-9911-5FA295622415}.Debug|Any CPU.Build.0 = Debug|Any CPU
		{0A130476-D1AD-498A-9911-5FA295622415}.Release|Any CPU.ActiveCfg = Release|Any CPU
		{0A130476-D1AD-498A-9911-5FA295622415}.Release|Any CPU.Build.0 = Release|Any CPU
	EndGlobalSection
	GlobalSection(SolutionProperties) = preSolution
		HideSolutionNode = FALSE
	EndGlobalSection
	GlobalSection(ExtensibilityGlobals) = postSolution
		SolutionGuid = {C8710F95-A1AE-4121-A9BA-A254DC5DF7AC}
	EndGlobalSection
EndGlobal
